
Microsoft Visual Studio Solution File, Format Version 12.00
# Visual Studio 15
VisualStudioVersion = 15.0.27130.2036
MinimumVisualStudioVersion = 10.0.40219.1
Project("{FAE04EC0-301F-11D3-BF4B-00C04F79EFBC}") = "GalaxyGenerator", "GalaxyGenerator\GalaxyGenerator.csproj", "{B91C6699-F2D2-4993-AEB6-DD4CEA1F0083}"
EndProject
Global
	GlobalSection(SolutionConfigurationPlatforms) = preSolution
		Debug|Any CPU = Debug|Any CPU
		Release|Any CPU = Release|Any CPU
	EndGlobalSection
	GlobalSection(ProjectConfigurationPlatforms) = postSolution
		{B91C6699-F2D2-4993-AEB6-DD4CEA1F0083}.Debug|Any CPU.ActiveCfg = Debug|Any CPU
		{B91C6699-F2D2-4993-AEB6-DD4CEA1F0083}.Debug|Any CPU.Build.0 = Debug|Any CPU
		{B91C6699-F2D2-4993-AEB6-DD4CEA1F0083}.Release|Any CPU.ActiveCfg = Release|Any CPU
		{B91C6699-F2D2-4993-AEB6-DD4CEA1F0083}.Release|Any CPU.Build.0 = Release|Any CPU
	EndGlobalSection
	GlobalSection(SolutionProperties) = preSolution
		HideSolutionNode = FALSE
	EndGlobalSection
	GlobalSection(ExtensibilityGlobals) = postSolution
		SolutionGuid = {66BD4D5E-A7B5-4C1B-97A1-952B67A6DDFB}
	EndGlobalSection
EndGlobal
